github.com/cbrgm/githubevents/v2 v2.13.0 h1:tc/KX2gJHb5eEPZ60c6mm7v1PjMxwRxnFh80euVfdHc=
github.com/cbrgm/githubevents/v2 v2.13.0/go.mod h1:b6gnhkBN1TvbIGSUw0HdJBZ90fG4wHyk+t4XpU9GXAE=
github.com/google/go-cmp v0.6.0/go.mod h1:17dUlkBOakJ0+DkrSSNjCkIjxS6bF9zb3elmeNGIjoY=
github.com/google/go-cmp v0.7.0 h1:wk8382ETsv4JYUZwIsn6YpYiWiBsYLSJiTsyBybVuN8=
github.com/google/go-cmp v0.7.0/go.mod h1:pXiqmnSA92OHEEa9HXL2W4E7lf9JzCmGVUdgjX3N/iU=
github.com/google/go-github/v81 v81.0.0 h1:hTLugQRxSLD1Yei18fk4A5eYjOGLUBKAl/VCqOfFkZc=
github.com/google/go-github/v81 v81.0.0/go.mod h1:upyjaybucIbBIuxgJS7YLOZGziyvvJ92WX6WEBNE3sM=
github.com/google/go-github/v82 v82.0.0 h1:OH09ESON2QwKCUVMYmMcVu1IFKFoaZHwqYaUtr/MVfk=
github.com/google/go-github/v82 v82.0.0/go.mod h1:hQ6Xo0VKfL8RZ7z1hSfB4fvISg0QqHOqe9BP0qo+WvM=
github.com/google/go-querystring v1.2.0 h1:yhqkPbu2/OH+V9BfpCVPZkNmUXhb2gBxJArfhIxNtP0=
github.com/google/go-querystring v1.2.0/go.mod h1:8IFJqpSRITyJ8QhQ13bmbeMBDfmeEJZD5A0egEOmkqU=
golang.org/x/sync v0.19.0 h1:vV+1eWNmZ5geRlYjzm2adRgW2/mcpevXNg50YZtPCE4=
golang.org/x/sync v0.19.0/go.mod h1:9KTHXmSnoGruLpwFjVSX0lNNA75CykiMECbovNTZqGI=
